
Microsoft Visual Studio Solution File, Format Version 12.00
# Visual Studio 15
VisualStudioVersion = 15.0.26430.6
MinimumVisualStudioVersion = 10.0.40219.1
Project("{8BC9CEB8-8B4A-11D0-8D11-00A0C91BC942}") = "ThicknessGauge", "testOpenCV\testOpenCV.vcxproj", "{1463A1B1-1383-4142-8001-FF934EDD3AD6}"
EndProject
Project("{8BC9CEB8-8B4A-11D0-8D11-00A0C91BC942}") = "ThicknessGaugeTest", "ThicknessGaugeTest\ThicknessGaugeTest.vcxproj", "{4EB2B007-B5DD-4262-8192-BB8FADCDE56C}"
EndProject
Global
	GlobalSection(Performance) = preSolution
		HasPerformanceSessions = true
	EndGlobalSection
	GlobalSection(SolutionConfigurationPlatforms) = preSolution
		Debug|x64 = Debug|x64
		Debug|x86 = Debug|x86
		Release|x64 = Release|x64
		Release|x86 = Release|x86
	EndGlobalSection
	GlobalSection(ProjectConfigurationPlatforms) = postSolution
		{1463A1B1-1383-4142-8001-FF934EDD3AD6}.Debug|x64.ActiveCfg = Debug|x64
		{1463A1B1-1383-4142-8001-FF934EDD3AD6}.Debug|x64.Build.0 = Debug|x64
		{1463A1B1-1383-4142-8001-FF934EDD3AD6}.Debug|x86.ActiveCfg = Debug|Win32
		{1463A1B1-1383-4142-8001-FF934EDD3AD6}.Debug|x86.Build.0 = Debug|Win32
		{1463A1B1-1383-4142-8001-FF934EDD3AD6}.Release|x64.ActiveCfg = Release|x64
		{1463A1B1-1383-4142-8001-FF934EDD3AD6}.Release|x64.Build.0 = Release|x64
		{1463A1B1-1383-4142-8001-FF934EDD3AD6}.Release|x86.ActiveCfg = Release|Win32
		{1463A1B1-1383-4142-8001-FF934EDD3AD6}.Release|x86.Build.0 = Release|Win32
		{4EB2B007-B5DD-4262-8192-BB8FADCDE56C}.Debug|x64.ActiveCfg = Debug|x64
		{4EB2B007-B5DD-4262-8192-BB8FADCDE56C}.Debug|x64.Build.0 = Debug|x64
		{4EB2B007-B5DD-4262-8192-BB8FADCDE56C}.Debug|x86.ActiveCfg = Debug|Win32
		{4EB2B007-B5DD-4262-8192-BB8FADCDE56C}.Debug|x86.Build.0 = Debug|Win32
		{4EB2B007-B5DD-4262-8192-BB8FADCDE56C}.Release|x64.ActiveCfg = Release|x64
		{4EB2B007-B5DD-4262-8192-BB8FADCDE56C}.Release|x64.Build.0 = Release|x64
		{4EB2B007-B5DD-4262-8192-BB8FADCDE56C}.Release|x86.ActiveCfg = Release|Win32
		{4EB2B007-B5DD-4262-8192-BB8FADCDE56C}.Release|x86.Build.0 = Release|Win32
	EndGlobalSection
	GlobalSection(SolutionProperties) = preSolution
		HideSolutionNode = FALSE
	EndGlobalSection
	GlobalSection(Performance) = preSolution
		HasPerformanceSessions = true
	EndGlobalSection
	GlobalSection(Performance) = preSolution
		HasPerformanceSessions = true
	EndGlobalSection
EndGlobal
