<?xml version="1.0" encoding="utf-8"?>
<Project ToolsVersion="4.0" xmlns="http://schemas.microsoft.com/developer/msbuild/2003">
  <ItemGroup>
    <Filter Include="Source Files">
      <UniqueIdentifier>{4FC737F1-C7A5-4376-A066-2A32D752A2FF}</UniqueIdentifier>
      <Extensions>cpp;c;cc;cxx;def;odl;idl;hpj;bat;asm;asmx</Extensions>
    </Filter>
    <Filter Include="Header Files">
      <UniqueIdentifier>{93995380-89BD-4b04-88EB-625FBE52EBFB}</UniqueIdentifier>
      <Extensions>h;hh;hpp;hxx;hm;inl;inc;xsd</Extensions>
    </Filter>
    <Filter Include="Resource Files">
      <UniqueIdentifier>{67DA6AB6-F800-4c08-8B7A-83BB121AAD01}</UniqueIdentifier>
      <Extensions>rc;ico;cur;bmp;dlg;rc2;rct;bin;rgs;gif;jpg;jpeg;jpe;resx;tiff;tif;png;wav;mfcribbon-ms</Extensions>
    </Filter>
    <Filter Include="Header Files\File">
      <UniqueIdentifier>{6304f0dd-32f8-4b54-a18f-9ac68cb007cc}</UniqueIdentifier>
    </Filter>
    <Filter Include="Source Files\File">
      <UniqueIdentifier>{30169a90-9ec3-477f-88a0-630b31f178c1}</UniqueIdentifier>
    </Filter>
    <Filter Include="Header Files\Exceptions">
      <UniqueIdentifier>{e84ccd83-8c07-415a-a7c0-dce295bf50f7}</UniqueIdentifier>
    </Filter>
    <Filter Include="Header Files\CV">
      <UniqueIdentifier>{f0dc63c9-4c11-4138-8359-c8d224d081c3}</UniqueIdentifier>
    </Filter>
    <Filter Include="Source Files\CV">
      <UniqueIdentifier>{7da82c7a-d8f2-420c-8e67-9567b2daf328}</UniqueIdentifier>
    </Filter>
    <Filter Include="Header Files\Namespaces">
      <UniqueIdentifier>{b9e27e47-7924-41d8-85b0-d0d6772062b0}</UniqueIdentifier>
    </Filter>
    <Filter Include="Header Files\Camera">
      <UniqueIdentifier>{f3e7d420-4dc3-4ce5-948c-f0dae0e49d9c}</UniqueIdentifier>
    </Filter>
    <Filter Include="Source Files\Camera">
      <UniqueIdentifier>{6863f62f-bde4-4157-9959-9dc3cb3302bc}</UniqueIdentifier>
    </Filter>
    <Filter Include="Header Files\Camera\Calibrate">
      <UniqueIdentifier>{42023152-ca82-40f0-83e0-e165001625cc}</UniqueIdentifier>
    </Filter>
    <Filter Include="Source Files\Camera\Calibrate">
      <UniqueIdentifier>{0301527b-b7ed-4baf-80e9-faa79432ca41}</UniqueIdentifier>
    </Filter>
    <Filter Include="Header Files\Utils">
      <UniqueIdentifier>{982653c9-ce35-4eca-8b1b-689159973b37}</UniqueIdentifier>
    </Filter>
    <Filter Include="Source Files\Utils">
      <UniqueIdentifier>{5f07639a-e7d5-46fa-9a70-5a3242e3a9a9}</UniqueIdentifier>
    </Filter>
    <Filter Include="Header Files\CV\Data">
      <UniqueIdentifier>{47ce9c4e-698e-4206-9702-1a8e72b79918}</UniqueIdentifier>
    </Filter>
    <Filter Include="Header Files\UI">
      <UniqueIdentifier>{d3942e94-74c6-437c-9e07-0f877dd9b000}</UniqueIdentifier>
    </Filter>
    <Filter Include="Header Files\UI\CommandLine">
      <UniqueIdentifier>{82c41425-6f0e-4575-af57-1f022679eb09}</UniqueIdentifier>
    </Filter>
    <Filter Include="Header Files\UI\CommandLine\Constraints">
      <UniqueIdentifier>{ef7472bf-b9f9-4fdb-b78c-681f2d75ee94}</UniqueIdentifier>
    </Filter>
    <Filter Include="Source Files\UI">
      <UniqueIdentifier>{b5df08a4-69da-4183-8eb3-4f68b16e444a}</UniqueIdentifier>
    </Filter>
    <Filter Include="Source Files\UI\ProgressBar">
      <UniqueIdentifier>{cfd632c6-441f-4256-9b31-e950d8adf920}</UniqueIdentifier>
    </Filter>
    <Filter Include="Header Files\UI\ProgressBar">
      <UniqueIdentifier>{a7953cd2-dc06-4688-abba-a6adc0bb58ba}</UniqueIdentifier>
    </Filter>
    <Filter Include="Header Files\UI\CommandLine\Visitors">
      <UniqueIdentifier>{39b0e344-f1ac-4ad0-b460-0a1970e7e9ee}</UniqueIdentifier>
    </Filter>
    <Filter Include="Header Files\CV\Histogram">
      <UniqueIdentifier>{1b9254c4-7bb6-425b-9305-ee69155c6f8f}</UniqueIdentifier>
    </Filter>
    <Filter Include="Source Files\Vimba">
      <UniqueIdentifier>{2ef3ffd4-2c0e-4338-8822-601751586905}</UniqueIdentifier>
    </Filter>
    <Filter Include="Header Files\Camera\Vimba">
      <UniqueIdentifier>{b66d1ead-998a-4110-877b-8102672dfd4c}</UniqueIdentifier>
    </Filter>
    <Filter Include="Header Files\Calc">
      <UniqueIdentifier>{95a9ed02-1d95-40ce-933a-0cd9eed7b109}</UniqueIdentifier>
    </Filter>
    <Filter Include="Source Files\Calc">
      <UniqueIdentifier>{8d0d2ab6-c7dc-4fe7-8d65-711faf706e80}</UniqueIdentifier>
    </Filter>
    <Filter Include="Source Files\Namespaces">
      <UniqueIdentifier>{4fd45f3d-4fc5-4809-acb5-579360c38668}</UniqueIdentifier>
    </Filter>
  </ItemGroup>
  <ItemGroup>
    <ClCompile Include="ThicknessGauge.cpp">
      <Filter>Source Files\CV</Filter>
    </ClCompile>
    <ClCompile Include="Calibrate\CalibrationSettings.cpp">
      <Filter>Source Files\Camera\Calibrate</Filter>
    </ClCompile>
    <ClCompile Include="Calibrate\CalibrationTest.cpp">
      <Filter>Source Files\Camera\Calibrate</Filter>
    </ClCompile>
    <ClCompile Include="Calc\MiniCalc.cpp">
      <Filter>Source Files\CV</Filter>
    </ClCompile>
    <ClCompile Include="UI\ProgressBar.cpp">
      <Filter>Source Files\UI\ProgressBar</Filter>
    </ClCompile>
    <ClCompile Include="IO\VideoInfo.cpp">
      <Filter>Source Files\File</Filter>
    </ClCompile>
    <ClCompile Include="IO\ImageSave.cpp">
      <Filter>Source Files\File</Filter>
    </ClCompile>
    <ClCompile Include="Vimba\GC2450MCamera.cpp">
      <Filter>Source Files\Vimba</Filter>
    </ClCompile>
    <ClCompile Include="CV\GenericCV.cpp">
      <Filter>Source Files\CV</Filter>
    </ClCompile>
    <ClCompile Include="Calc\GaugeMath.cpp">
      <Filter>Source Files\Calc</Filter>
    </ClCompile>
    <ClCompile Include="Calc\LineCalc.cpp">
      <Filter>Source Files\Calc</Filter>
    </ClCompile>
    <ClCompile Include="UI\DrawHelper.cpp">
      <Filter>Source Files\CV</Filter>
    </ClCompile>
    <ClCompile Include="Vimba\CaptureAVTCamera.cpp">
      <Filter>Source Files\Camera</Filter>
    </ClCompile>
    <ClCompile Include="CV\HoughLinesR.cpp">
      <Filter>Source Files\CV</Filter>
    </ClCompile>
    <ClCompile Include="Camera\Capture.cpp">
      <Filter>Source Files\Camera</Filter>
    </ClCompile>
    <ClCompile Include="CV\LaserR.cpp">
      <Filter>Source Files\CV</Filter>
    </ClCompile>
    <ClCompile Include="namespaces\calc.cpp">
      <Filter>Source Files\Namespaces</Filter>
    </ClCompile>
    <ClCompile Include="namespaces\tg.cpp">
      <Filter>Source Files\Namespaces</Filter>
    </ClCompile>
    <ClCompile Include="Main.cpp">
      <Filter>Source Files</Filter>
    </ClCompile>
    <ClCompile Include="namespaces\cvr.cpp">
      <Filter>Source Files\Namespaces</Filter>
    </ClCompile>
    <ClCompile Include="namespaces\filesystem.cpp">
      <Filter>Source Files\Namespaces</Filter>
    </ClCompile>
    <ClCompile Include="namespaces\filters.h">
      <Filter>Source Files</Filter>
    </ClCompile>
  </ItemGroup>
  <ItemGroup>
    <ClInclude Include="ThicknessGauge.h">
      <Filter>Header Files\CV</Filter>
    </ClInclude>
    <ClInclude Include="ThicknessGaugeData.h">
      <Filter>Header Files\CV</Filter>
    </ClInclude>
    <ClInclude Include="LineConfig.h">
      <Filter>Header Files\CV\Data</Filter>
    </ClInclude>
    <ClInclude Include="Histogram\Histogram.h">
      <Filter>Header Files\CV\Histogram</Filter>
    </ClInclude>
    <ClInclude Include="Histogram\HistoPeak.h">
      <Filter>Header Files\CV\Histogram</Filter>
    </ClInclude>
    <ClInclude Include="ArgClasses\BuildInfoVisitor.h">
      <Filter>Header Files\UI\CommandLine\Visitors</Filter>
    </ClInclude>
    <ClInclude Include="ArgClasses\CommandLineOptions.h">
      <Filter>Header Files\UI\CommandLine</Filter>
    </ClInclude>
    <ClInclude Include="ArgClasses\DemoModeVisitor.h">
      <Filter>Header Files\UI\CommandLine\Visitors</Filter>
    </ClInclude>
    <ClInclude Include="ArgClasses\FolderConstraint.h">
      <Filter>Header Files\UI\CommandLine\Constraints</Filter>
    </ClInclude>
    <ClInclude Include="ArgClasses\FileConstraint.h">
      <Filter>Header Files\UI\CommandLine\Constraints</Filter>
    </ClInclude>
    <ClInclude Include="ArgClasses\IntegerConstraint.h">
      <Filter>Header Files\UI\CommandLine\Constraints</Filter>
    </ClInclude>
    <ClInclude Include="ArgClasses\TestModeVisitor.h">
      <Filter>Header Files\UI\CommandLine\Visitors</Filter>
    </ClInclude>
    <ClInclude Include="Exceptions\CalibrationException.h">
      <Filter>Header Files\Exceptions</Filter>
    </ClInclude>
    <ClInclude Include="Exceptions\CaptureFailException.h">
      <Filter>Header Files\Exceptions</Filter>
    </ClInclude>
    <ClInclude Include="Exceptions\ImageDimensionException.h">
      <Filter>Header Files\Exceptions</Filter>
    </ClInclude>
    <ClInclude Include="Exceptions\InvalidFileException.h">
      <Filter>Header Files\Exceptions</Filter>
    </ClInclude>
    <ClInclude Include="Exceptions\InvalidMeanException.h">
      <Filter>Header Files\Exceptions</Filter>
    </ClInclude>
    <ClInclude Include="ArgClasses\TestSuitConstraint.h">
      <Filter>Header Files\UI\CommandLine\Constraints</Filter>
    </ClInclude>
    <ClInclude Include="Exceptions\TestException.h">
      <Filter>Header Files\Exceptions</Filter>
    </ClInclude>
    <ClInclude Include="ArgClasses\CalibrationModeVisitor.h">
      <Filter>Header Files\UI\CommandLine\Visitors</Filter>
    </ClInclude>
    <ClInclude Include="Calibrate\CalibrationSettings.h">
      <Filter>Header Files\Camera\Calibrate</Filter>
    </ClInclude>
    <ClInclude Include="UI\ProgressBar.h">
      <Filter>Header Files\UI\ProgressBar</Filter>
    </ClInclude>
    <ClInclude Include="IO\VideoInfo.h">
      <Filter>Header Files\File</Filter>
    </ClInclude>
    <ClInclude Include="IO\ImageSave.h">
      <Filter>Header Files\File</Filter>
    </ClInclude>
    <ClInclude Include="IO\GlobGenerator.h">
      <Filter>Header Files\CV</Filter>
    </ClInclude>
    <ClInclude Include="Util\Stringtools.h">
      <Filter>Header Files\Utils</Filter>
    </ClInclude>
    <ClInclude Include="Testing\TestConfig.h">
      <Filter>Header Files\CV\Data</Filter>
    </ClInclude>
    <ClInclude Include="Util\Vec.h">
      <Filter>Header Files\CV\Data</Filter>
    </ClInclude>
    <ClInclude Include="CV\CannyR.h">
      <Filter>Header Files\CV</Filter>
    </ClInclude>
    <ClInclude Include="ArgClasses\GlobModeVisitor.h">
      <Filter>Header Files\UI\CommandLine\Visitors</Filter>
    </ClInclude>
    <ClInclude Include="CV\HoughLinesR.h">
      <Filter>Header Files\CV</Filter>
    </ClInclude>
    <ClInclude Include="CV\Gaussian.h">
      <Filter>Header Files\CV</Filter>
    </ClInclude>
    <ClInclude Include="CV\FilterR.h">
      <Filter>Header Files\CV</Filter>
    </ClInclude>
    <ClInclude Include="CV\Pixel.h">
      <Filter>Header Files\CV</Filter>
    </ClInclude>
    <ClInclude Include="CV\BaseR.h">
      <Filter>Header Files\CV</Filter>
    </ClInclude>
    <ClInclude Include="CV\HoughLinesPR.h">
      <Filter>Header Files\CV</Filter>
    </ClInclude>
    <ClInclude Include="LineSparse.h">
      <Filter>Header Files\CV</Filter>
    </ClInclude>
    <ClInclude Include="_unused_crap\temp_unused.txt">
      <Filter>Header Files</Filter>
    </ClInclude>
    <ClInclude Include="_unused_crap\temp_mains.txt">
      <Filter>Header Files</Filter>
    </ClInclude>
    <ClInclude Include="Vimba\GC2450MCamera.h">
      <Filter>Header Files\Camera\Vimba</Filter>
    </ClInclude>
    <ClInclude Include="namespaces\tg.h">
      <Filter>Header Files\Namespaces</Filter>
    </ClInclude>
    <ClInclude Include="Vimba\CameraData.h">
      <Filter>Header Files\Camera</Filter>
    </ClInclude>
    <ClInclude Include="Vimba\CameraFrame.h">
      <Filter>Header Files\Camera</Filter>
    </ClInclude>
    <ClInclude Include="Camera\Capture.h">
      <Filter>Header Files\Camera</Filter>
    </ClInclude>
    <ClInclude Include="Vimba\CaptureAVTCamera.h">
      <Filter>Header Files\Camera</Filter>
    </ClInclude>
    <ClInclude Include="Camera\CaptureInterface.h">
      <Filter>Header Files\Camera</Filter>
    </ClInclude>
    <ClInclude Include="Exceptions\NoLineDetectedException.h">
      <Filter>Header Files\Exceptions</Filter>
    </ClInclude>
    <ClInclude Include="Vimba\OpenCVVideoRecorder.h">
      <Filter>Header Files\CV</Filter>
    </ClInclude>
    <ClInclude Include="CV\LaserR.h">
      <Filter>Header Files\CV</Filter>
    </ClInclude>
    <ClInclude Include="namespaces\calc.h">
      <Filter>Header Files\Namespaces</Filter>
    </ClInclude>
    <ClInclude Include="UI\DrawHelper.h">
      <Filter>Header Files\CV</Filter>
    </ClInclude>
    <ClInclude Include="Calc\GaugeMath.h">
      <Filter>Header Files\Calc</Filter>
    </ClInclude>
    <ClInclude Include="CV\GenericCV.h">
      <Filter>Header Files\CV</Filter>
    </ClInclude>
    <ClInclude Include="CV\Kernels.h">
      <Filter>Header Files\CV</Filter>
    </ClInclude>
    <ClInclude Include="CV\MorphR.h">
      <Filter>Header Files\CV</Filter>
    </ClInclude>
    <ClInclude Include="Calc\LineCalc.h">
      <Filter>Header Files\Calc</Filter>
    </ClInclude>
    <ClInclude Include="Calc\MiniCalc.h">
      <Filter>Header Files\Calc</Filter>
    </ClInclude>
    <ClInclude Include="namespaces\filesystem.h">
      <Filter>Header Files\Namespaces</Filter>
    </ClInclude>
    <ClInclude Include="namespaces\cvR.h">
      <Filter>Header Files\Namespaces</Filter>
    </ClInclude>
    <ClInclude Include="namespaces\stl.h">
      <Filter>Header Files\Namespaces</Filter>
    </ClInclude>
  </ItemGroup>
  <ItemGroup>
    <Xml Include="testConfig.xml" />
    <Xml Include="VID5.xml" />
  </ItemGroup>
  <ItemGroup>
    <None Include="_run_test.bat">
      <Filter>Source Files</Filter>
    </None>
    <None Include="ClassDiagram.cd" />
  </ItemGroup>
  <ItemGroup>
    <Text Include="Intersection bug.txt" />
  </ItemGroup>
</Project>